
Microsoft Visual Studio Solution File, Format Version 12.00
# Visual Studio Version 16
VisualStudioVersion = 16.0.31424.327
MinimumVisualStudioVersion = 10.0.40219.1
Project("{FAE04EC0-301F-11D3-BF4B-00C04F79EFBC}") = "PersonsDemoApi", "PersonsDemoApi\PersonsDemoApi.csproj", "{4966E471-A59A-426B-A79D-910C580759A1}"
EndProject
Project("{FAE04EC0-301F-11D3-BF4B-00C04F79EFBC}") = "Contracts", "Contracts\Contracts.csproj", "{7E095E23-FD77-49A4-9682-455A0467AB81}"
EndProject
Project("{FAE04EC0-301F-11D3-BF4B-00C04F79EFBC}") = "LoggerService", "LoggerService\LoggerService.csproj", "{9AE58373-E1D7-4FDB-8854-D3E1886A6D2D}"
EndProject
Global
	GlobalSection(SolutionConfigurationPlatforms) = preSolution
		Debug|Any CPU = Debug|Any CPU
		Release|Any CPU = Release|Any CPU
	EndGlobalSection
	GlobalSection(ProjectConfigurationPlatforms) = postSolution
		{4966E471-A59A-426B-A79D-910C580759A1}.Debug|Any CPU.ActiveCfg = Debug|Any CPU
		{4966E471-A59A-426B-A79D-910C580759A1}.Debug|Any CPU.Build.0 = Debug|Any CPU
		{4966E471-A59A-426B-A79D-910C580759A1}.Release|Any CPU.ActiveCfg = Release|Any CPU
		{4966E471-A59A-426B-A79D-910C580759A1}.Release|Any CPU.Build.0 = Release|Any CPU
		{7E095E23-FD77-49A4-9682-455A0467AB81}.Debug|Any CPU.ActiveCfg = Debug|Any CPU
		{7E095E23-FD77-49A4-9682-455A0467AB81}.Debug|Any CPU.Build.0 = Debug|Any CPU
		{7E095E23-FD77-49A4-9682-455A0467AB81}.Release|Any CPU.ActiveCfg = Release|Any CPU
		{7E095E23-FD77-49A4-9682-455A0467AB81}.Release|Any CPU.Build.0 = Release|Any CPU
		{9AE58373-E1D7-4FDB-8854-D3E1886A6D2D}.Debug|Any CPU.ActiveCfg = Debug|Any CPU
		{9AE58373-E1D7-4FDB-8854-D3E1886A6D2D}.Debug|Any CPU.Build.0 = Debug|Any CPU
		{9AE58373-E1D7-4FDB-8854-D3E1886A6D2D}.Release|Any CPU.ActiveCfg = Release|Any CPU
		{9AE58373-E1D7-4FDB-8854-D3E1886A6D2D}.Release|Any CPU.Build.0 = Release|Any CPU
	EndGlobalSection
	GlobalSection(SolutionProperties) = preSolution
		HideSolutionNode = FALSE
	EndGlobalSection
	GlobalSection(ExtensibilityGlobals) = postSolution
		SolutionGuid = {7C890788-2467-4EF0-97A7-511A4860286A}
	EndGlobalSection
EndGlobal
