
Microsoft Visual Studio Solution File, Format Version 12.00
# Visual Studio Version 17
VisualStudioVersion = 17.4.33205.214
MinimumVisualStudioVersion = 10.0.40219.1
Project("{9A19103F-16F7-4668-BE54-9A1E7A4F7556}") = "auto-fac-demo2", "auto-fac-demo2\auto-fac-demo2.csproj", "{ADCFEB52-7875-4E54-A278-F0F311473FAA}"
EndProject
Project("{FAE04EC0-301F-11D3-BF4B-00C04F79EFBC}") = "fluent-validation-demo", "fluent-validation-demo\fluent-validation-demo.csproj", "{C91BF8CD-28E4-40EA-B00E-058BA70E0511}"
EndProject
Global
	GlobalSection(SolutionConfigurationPlatforms) = preSolution
		Debug|Any CPU = Debug|Any CPU
		Release|Any CPU = Release|Any CPU
	EndGlobalSection
	GlobalSection(ProjectConfigurationPlatforms) = postSolution
		{ADCFEB52-7875-4E54-A278-F0F311473FAA}.Debug|Any CPU.ActiveCfg = Debug|Any CPU
		{ADCFEB52-7875-4E54-A278-F0F311473FAA}.Debug|Any CPU.Build.0 = Debug|Any CPU
		{ADCFEB52-7875-4E54-A278-F0F311473FAA}.Release|Any CPU.ActiveCfg = Release|Any CPU
		{ADCFEB52-7875-4E54-A278-F0F311473FAA}.Release|Any CPU.Build.0 = Release|Any CPU
		{C91BF8CD-28E4-40EA-B00E-058BA70E0511}.Debug|Any CPU.ActiveCfg = Debug|Any CPU
		{C91BF8CD-28E4-40EA-B00E-058BA70E0511}.Debug|Any CPU.Build.0 = Debug|Any CPU
		{C91BF8CD-28E4-40EA-B00E-058BA70E0511}.Release|Any CPU.ActiveCfg = Release|Any CPU
		{C91BF8CD-28E4-40EA-B00E-058BA70E0511}.Release|Any CPU.Build.0 = Release|Any CPU
	EndGlobalSection
	GlobalSection(SolutionProperties) = preSolution
		HideSolutionNode = FALSE
	EndGlobalSection
	GlobalSection(ExtensibilityGlobals) = postSolution
		SolutionGuid = {A5A3F726-5D06-41CD-923C-0230A1C65F06}
	EndGlobalSection
EndGlobal
